// !$*UTF8*$!
{
	archiveVersion = 1;
	classes = {
	};
	objectVersion = 46;
	objects = {

/* Begin PBXBuildFile section */
		518927F41CFBD51800EBC5D8 /* AppDelegate.swift in Sources */ = {isa = PBXBuildFile; fileRef = 518927F31CFBD51800EBC5D8 /* AppDelegate.swift */; };
		518927F61CFBD51800EBC5D8 /* ViewController.swift in Sources */ = {isa = PBXBuildFile; fileRef = 518927F51CFBD51800EBC5D8 /* ViewController.swift */; };
		518927F91CFBD51800EBC5D8 /* Main.storyboard in Resources */ = {isa = PBXBuildFile; fileRef = 518927F71CFBD51800EBC5D8 /* Main.storyboard */; };
		518927FB1CFBD51800EBC5D8 /* Assets.xcassets in Resources */ = {isa = PBXBuildFile; fileRef = 518927FA1CFBD51800EBC5D8 /* Assets.xcassets */; };
		518927FE1CFBD51800EBC5D8 /* LaunchScreen.storyboard in Resources */ = {isa = PBXBuildFile; fileRef = 518927FC1CFBD51800EBC5D8 /* LaunchScreen.storyboard */; };
		518928091CFBD51800EBC5D8 /* UIButtonTests.swift in Sources */ = {isa = PBXBuildFile; fileRef = 518928081CFBD51800EBC5D8 /* UIButtonTests.swift */; };
		518928141CFBD51800EBC5D8 /* UIButtonUITests.swift in Sources */ = {isa = PBXBuildFile; fileRef = 518928131CFBD51800EBC5D8 /* UIButtonUITests.swift */; };
		519A64661D0D4977005C6038 /* DNButton.swift in Sources */ = {isa = PBXBuildFile; fileRef = 519A64651D0D4977005C6038 /* DNButton.swift */; };
/* End PBXBuildFile section */

/* Begin PBXContainerItemProxy section */
		518928051CFBD51800EBC5D8 /* PBXContainerItemProxy */ = {
			isa = PBXContainerItemProxy;
			containerPortal = 518927E81CFBD51700EBC5D8 /* Project object */;
			proxyType = 1;
			remoteGlobalIDString = 518927EF1CFBD51700EBC5D8;
			remoteInfo = UIButton;
		};
		518928101CFBD51800EBC5D8 /* PBXContainerItemProxy */ = {
			isa = PBXContainerItemProxy;
			containerPortal = 518927E81CFBD51700EBC5D8 /* Project object */;
			proxyType = 1;
			remoteGlobalIDString = 518927EF1CFBD51700EBC5D8;
			remoteInfo = UIButton;
		};
/* End PBXContainerItemProxy section */

/* Begin PBXFileReference section */
		518927F01CFBD51800EBC5D8 /* UIButton.app */ = {isa = PBXFileReference; explicitFileType = wrapper.application; includeInIndex = 0; path = UIButton.app; sourceTree = BUILT_PRODUCTS_DIR; };
		518927F31CFBD51800EBC5D8 /* AppDelegate.swift */ = {isa = PBXFileReference; lastKnownFileType = sourcecode.swift; path = AppDelegate.swift; sourceTree = "<group>"; };
		518927F51CFBD51800EBC5D8 /* ViewController.swift */ = {isa = PBXFileReference; lastKnownFileType = sourcecode.swift; path = ViewController.swift; sourceTree = "<group>"; };
		518927F81CFBD51800EBC5D8 /* Base */ = {isa = PBXFileReference; lastKnownFileType = file.storyboard; name = Base; path = Base.lproj/Main.storyboard; sourceTree = "<group>"; };
		518927FA1CFBD51800EBC5D8 /* Assets.xcassets */ = {isa = PBXFileReference; lastKnownFileType = folder.assetcatalog; name = Assets.xcassets; path = ../UIButton/Assets.xcassets; sourceTree = "<group>"; };
		518927FD1CFBD51800EBC5D8 /* Base */ = {isa = PBXFileReference; lastKnownFileType = file.storyboard; name = Base; path = Base.lproj/LaunchScreen.storyboard; sourceTree = "<group>"; };
		518927FF1CFBD51800EBC5D8 /* Info.plist */ = {isa = PBXFileReference; lastKnownFileType = text.plist.xml; name = Info.plist; path = ../UIButton/Info.plist; sourceTree = "<group>"; };
		518928041CFBD51800EBC5D8 /* UIButtonTests.xctest */ = {isa = PBXFileReference; explicitFileType = wrapper.cfbundle; includeInIndex = 0; path = UIButtonTests.xctest; sourceTree = BUILT_PRODUCTS_DIR; };
		518928081CFBD51800EBC5D8 /* UIButtonTests.swift */ = {isa = PBXFileReference; lastKnownFileType = sourcecode.swift; path = UIButtonTests.swift; sourceTree = "<group>"; };
		5189280A1CFBD51800EBC5D8 /* Info.plist */ = {isa = PBXFileReference; lastKnownFileType = text.plist.xml; path = Info.plist; sourceTree = "<group>"; };
		5189280F1CFBD51800EBC5D8 /* UIButtonUITests.xctest */ = {isa = PBXFileReference; explicitFileType = wrapper.cfbundle; includeInIndex = 0; path = UIButtonUITests.xctest; sourceTree = BUILT_PRODUCTS_DIR; };
		518928131CFBD51800EBC5D8 /* UIButtonUITests.swift */ = {isa = PBXFileReference; lastKnownFileType = sourcecode.swift; path = UIButtonUITests.swift; sourceTree = "<group>"; };
		518928151CFBD51800EBC5D8 /* Info.plist */ = {isa = PBXFileReference; lastKnownFileType = text.plist.xml; path = Info.plist; sourceTree = "<group>"; };
		519A64651D0D4977005C6038 /* DNButton.swift */ = {isa = PBXFileReference; fileEncoding = 4; lastKnownFileType = sourcecode.swift; path = DNButton.swift; sourceTree = "<group>"; };
/* End PBXFileReference section */

/* Begin PBXFrameworksBuildPhase section */
		518927ED1CFBD51700EBC5D8 /* Frameworks */ = {
			isa = PBXFrameworksBuildPhase;
			buildActionMask = 2147483647;
			files = (
			);
			runOnlyForDeploymentPostprocessing = 0;
		};
		518928011CFBD51800EBC5D8 /* Frameworks */ = {
			isa = PBXFrameworksBuildPhase;
			buildActionMask = 2147483647;
			files = (
			);
			runOnlyForDeploymentPostprocessing = 0;
		};
		5189280C1CFBD51800EBC5D8 /* Frameworks */ = {
			isa = PBXFrameworksBuildPhase;
			buildActionMask = 2147483647;
			files = (
			);
			runOnlyForDeploymentPostprocessing = 0;
		};
/* End PBXFrameworksBuildPhase section */

/* Begin PBXGroup section */
		518927E71CFBD51700EBC5D8 = {
			isa = PBXGroup;
			children = (
				518927F21CFBD51800EBC5D8 /* UIButton */,
				518928071CFBD51800EBC5D8 /* UIButtonTests */,
				518928121CFBD51800EBC5D8 /* UIButtonUITests */,
				518927F11CFBD51800EBC5D8 /* Products */,
			);
			sourceTree = "<group>";
		};
		518927F11CFBD51800EBC5D8 /* Products */ = {
			isa = PBXGroup;
			children = (
				518927F01CFBD51800EBC5D8 /* UIButton.app */,
				518928041CFBD51800EBC5D8 /* UIButtonTests.xctest */,
				5189280F1CFBD51800EBC5D8 /* UIButtonUITests.xctest */,
			);
			name = Products;
			sourceTree = "<group>";
		};
		518927F21CFBD51800EBC5D8 /* UIButton */ = {
			isa = PBXGroup;
			children = (
				518927F31CFBD51800EBC5D8 /* AppDelegate.swift */,
				518927F51CFBD51800EBC5D8 /* ViewController.swift */,
				519A64651D0D4977005C6038 /* DNButton.swift */,
			);
			path = UIButton;
			sourceTree = "<group>";
		};
		518928071CFBD51800EBC5D8 /* UIButtonTests */ = {
			isa = PBXGroup;
			children = (
				518927F71CFBD51800EBC5D8 /* Main.storyboard */,
				518927FA1CFBD51800EBC5D8 /* Assets.xcassets */,
				518927FC1CFBD51800EBC5D8 /* LaunchScreen.storyboard */,
				518927FF1CFBD51800EBC5D8 /* Info.plist */,
				518928081CFBD51800EBC5D8 /* UIButtonTests.swift */,
				5189280A1CFBD51800EBC5D8 /* Info.plist */,
			);
			path = UIButtonTests;
			sourceTree = "<group>";
		};
		518928121CFBD51800EBC5D8 /* UIButtonUITests */ = {
			isa = PBXGroup;
			children = (
				518928131CFBD51800EBC5D8 /* UIButtonUITests.swift */,
				518928151CFBD51800EBC5D8 /* Info.plist */,
			);
			path = UIButtonUITests;
			sourceTree = "<group>";
		};
/* End PBXGroup section */

/* Begin PBXNativeTarget section */
		518927EF1CFBD51700EBC5D8 /* UIButton */ = {
			isa = PBXNativeTarget;
			buildConfigurationList = 518928181CFBD51800EBC5D8 /* Build configuration list for PBXNativeTarget "UIButton" */;
			buildPhases = (
				518927EC1CFBD51700EBC5D8 /* Sources */,
				518927ED1CFBD51700EBC5D8 /* Frameworks */,
				518927EE1CFBD51700EBC5D8 /* Resources */,
			);
			buildRules = (
			);
			dependencies = (
			);
			name = UIButton;
			productName = UIButton;
			productReference = 518927F01CFBD51800EBC5D8 /* UIButton.app */;
			productType = "com.apple.product-type.application";
		};
		518928031CFBD51800EBC5D8 /* UIButtonTests */ = {
			isa = PBXNativeTarget;
			buildConfigurationList = 5189281B1CFBD51800EBC5D8 /* Build configuration list for PBXNativeTarget "UIButtonTests" */;
			buildPhases = (
				518928001CFBD51800EBC5D8 /* Sources */,
				518928011CFBD51800EBC5D8 /* Frameworks */,
				518928021CFBD51800EBC5D8 /* Resources */,
			);
			buildRules = (
			);
			dependencies = (
				518928061CFBD51800EBC5D8 /* PBXTargetDependency */,
			);
			name = UIButtonTests;
			productName = UIButtonTests;
			productReference = 518928041CFBD51800EBC5D8 /* UIButtonTests.xctest */;
			productType = "com.apple.product-type.bundle.unit-test";
		};
		5189280E1CFBD51800EBC5D8 /* UIButtonUITests */ = {
			isa = PBXNativeTarget;
			buildConfigurationList = 5189281E1CFBD51800EBC5D8 /* Build configuration list for PBXNativeTarget "UIButtonUITests" */;
			buildPhases = (
				5189280B1CFBD51800EBC5D8 /* Sources */,
				5189280C1CFBD51800EBC5D8 /* Frameworks */,
				5189280D1CFBD51800EBC5D8 /* Resources */,
			);
			buildRules = (
			);
			dependencies = (
				518928111CFBD51800EBC5D8 /* PBXTargetDependency */,
			);
			name = UIButtonUITests;
			productName = UIButtonUITests;
			productReference = 5189280F1CFBD51800EBC5D8 /* UIButtonUITests.xctest */;
			productType = "com.apple.product-type.bundle.ui-testing";
		};
/* End PBXNativeTarget section */

/* Begin PBXProject section */
		518927E81CFBD51700EBC5D8 /* Project object */ = {
			isa = PBXProject;
			attributes = {
				LastSwiftUpdateCheck = 0730;
				LastUpgradeCheck = 0730;
				ORGANIZATIONNAME = wjn;
				TargetAttributes = {
					518927EF1CFBD51700EBC5D8 = {
						CreatedOnToolsVersion = 7.3.1;
					};
					518928031CFBD51800EBC5D8 = {
						CreatedOnToolsVersion = 7.3.1;
						TestTargetID = 518927EF1CFBD51700EBC5D8;
					};
					5189280E1CFBD51800EBC5D8 = {
						CreatedOnToolsVersion = 7.3.1;
						TestTargetID = 518927EF1CFBD51700EBC5D8;
					};
				};
			};
			buildConfigurationList = 518927EB1CFBD51700EBC5D8 /* Build configuration list for PBXProject "UIButton" */;
			compatibilityVersion = "Xcode 3.2";
			developmentRegion = English;
			hasScannedForEncodings = 0;
			knownRegions = (
				en,
				Base,
			);
			mainGroup = 518927E71CFBD51700EBC5D8;
			productRefGroup = 518927F11CFBD51800EBC5D8 /* Products */;
			projectDirPath = "";
			projectRoot = "";
			targets = (
				518927EF1CFBD51700EBC5D8 /* UIButton */,
				518928031CFBD51800EBC5D8 /* UIButtonTests */,
				5189280E1CFBD51800EBC5D8 /* UIButtonUITests */,
			);
		};
/* End PBXProject section */

/* Begin PBXResourcesBuildPhase section */
		518927EE1CFBD51700EBC5D8 /* Resources */ = {
			isa = PBXResourcesBuildPhase;
			buildActionMask = 2147483647;
			files = (
				518927FE1CFBD51800EBC5D8 /* LaunchScreen.storyboard in Resources */,
				518927FB1CFBD51800EBC5D8 /* Assets.xcassets in Resources */,
				518927F91CFBD51800EBC5D8 /* Main.storyboard in Resources */,
			);
			runOnlyForDeploymentPostprocessing = 0;
		};
		518928021CFBD51800EBC5D8 /* Resources */ = {
			isa = PBXResourcesBuildPhase;
			buildActionMask = 2147483647;
			files = (
			);
			runOnlyForDeploymentPostprocessing = 0;
		};
		5189280D1CFBD51800EBC5D8 /* Resources */ = {
			isa = PBXResourcesBuildPhase;
			buildActionMask = 2147483647;
			files = (
			);
			runOnlyForDeploymentPostprocessing = 0;
		};
/* End PBXResourcesBuildPhase section */

/* Begin PBXSourcesBuildPhase section */
		518927EC1CFBD51700EBC5D8 /* Sources */ = {
			isa = PBXSourcesBuildPhase;
			buildActionMask = 2147483647;
			files = (
				518927F61CFBD51800EBC5D8 /* ViewController.swift in Sources */,
				519A64661D0D4977005C6038 /* DNButton.swift in Sources */,
				518927F41CFBD51800EBC5D8 /* AppDelegate.swift in Sources */,
			);
			runOnlyForDeploymentPostprocessing = 0;
		};
		518928001CFBD51800EBC5D8 /* Sources */ = {
			isa = PBXSourcesBuildPhase;
			buildActionMask = 2147483647;
			files = (
				518928091CFBD51800EBC5D8 /* UIButtonTests.swift in Sources */,
			);
			runOnlyForDeploymentPostprocessing = 0;
		};
		5189280B1CFBD51800EBC5D8 /* Sources */ = {
			isa = PBXSourcesBuildPhase;
			buildActionMask = 2147483647;
			files = (
				518928141CFBD51800EBC5D8 /* UIButtonUITests.swift in Sources */,
			);
			runOnlyForDeploymentPostprocessing = 0;
		};
/* End PBXSourcesBuildPhase section */

/* Begin PBXTargetDependency section */
		518928061CFBD51800EBC5D8 /* PBXTargetDependency */ = {
			isa = PBXTargetDependency;
			target = 518927EF1CFBD51700EBC5D8 /* UIButton */;
			targetProxy = 518928051CFBD51800EBC5D8 /* PBXContainerItemProxy */;
		};
		518928111CFBD51800EBC5D8 /* PBXTargetDependency */ = {
			isa = PBXTargetDependency;
			target = 518927EF1CFBD51700EBC5D8 /* UIButton */;
			targetProxy = 518928101CFBD51800EBC5D8 /* PBXContainerItemProxy */;
		};
/* End PBXTargetDependency section */

/* Begin PBXVariantGroup section */
		518927F71CFBD51800EBC5D8 /* Main.storyboard */ = {
			isa = PBXVariantGroup;
			children = (
				518927F81CFBD51800EBC5D8 /* Base */,
			);
			name = Main.storyboard;
			path = ../UIButton;
			sourceTree = "<group>";
		};
		518927FC1CFBD51800EBC5D8 /* LaunchScreen.storyboard */ = {
			isa = PBXVariantGroup;
			children = (
				518927FD1CFBD51800EBC5D8 /* Base */,
			);
			name = LaunchScreen.storyboard;
			path = ../UIButton;
			sourceTree = "<group>";
		};
/* End PBXVariantGroup section */

/* Begin XCBuildConfiguration section */
		518928161CFBD51800EBC5D8 /* Debug */ = {
			isa = XCBuildConfiguration;
			buildSettings = {
				ALWAYS_SEARCH_USER_PATHS = NO;
				CLANG_ANALYZER_NONNULL = YES;
				CLANG_CXX_LANGUAGE_STANDARD = "gnu++0x";
				CLANG_CXX_LIBRARY = "libc++";
				CLANG_ENABLE_MODULES = YES;
				CLANG_ENABLE_OBJC_ARC = YES;
				CLANG_WARN_BOOL_CONVERSION = YES;
				CLANG_WARN_CONSTANT_CONVERSION = YES;
				CLANG_WARN_DIRECT_OBJC_ISA_USAGE = YES_ERROR;
				CLANG_WARN_EMPTY_BODY = YES;
				CLANG_WARN_ENUM_CONVERSION = YES;
				CLANG_WARN_INT_CONVERSION = YES;
				CLANG_WARN_OBJC_ROOT_CLASS = YES_ERROR;
				CLANG_WARN_UNREACHABLE_CODE = YES;
				CLANG_WARN__DUPLICATE_METHOD_MATCH = YES;
				"CODE_SIGN_IDENTITY[sdk=iphoneos*]" = "iPhone Developer";
				COPY_PHASE_STRIP = NO;
				DEBUG_INFORMATION_FORMAT = dwarf;
				ENABLE_STRICT_OBJC_MSGSEND = YES;
				ENABLE_TESTABILITY = YES;
				GCC_C_LANGUAGE_STANDARD = gnu99;
				GCC_DYNAMIC_NO_PIC = NO;
				GCC_NO_COMMON_BLOCKS = YES;
				GCC_OPTIMIZATION_LEVEL = 0;
				GCC_PREPROCESSOR_DEFINITIONS = (
					"DEBUG=1",
					"$(inherited)",
				);
				GCC_WARN_64_TO_32_BIT_CONVERSION = YES;
				GCC_WARN_ABOUT_RETURN_TYPE = YES_ERROR;
				GCC_WARN_UNDECLARED_SELECTOR = YES;
				GCC_WARN_UNINITIALIZED_AUTOS = YES_AGGRESSIVE;
				GCC_WARN_UNUSED_FUNCTION = YES;
				GCC_WARN_UNUSED_VARIABLE = YES;
				IPHONEOS_DEPLOYMENT_TARGET = 9.3;
				MTL_ENABLE_DEBUG_INFO = YES;
				ONLY_ACTIVE_ARCH = YES;
				SDKROOT = iphoneos;
				SWIFT_OPTIMIZATION_LEVEL = "-Onone";
			};
			name = Debug;
		};
		518928171CFBD51800EBC5D8 /* Release */ = {
			isa = XCBuildConfiguration;
			buildSettings = {
				ALWAYS_SEARCH_USER_PATHS = NO;
				CLANG_ANALYZER_NONNULL = YES;
				CLANG_CXX_LANGUAGE_STANDARD = "gnu++0x";
				CLANG_CXX_LIBRARY = "libc++";
				CLANG_ENABLE_MODULES = YES;
				CLANG_ENABLE_OBJC_ARC = YES;
				CLANG_WARN_BOOL_CONVERSION = YES;
				CLANG_WARN_CONSTANT_CONVERSION = YES;
				CLANG_WARN_DIRECT_OBJC_ISA_USAGE = YES_ERROR;
				CLANG_WARN_EMPTY_BODY = YES;
				CLANG_WARN_ENUM_CONVERSION = YES;
				CLANG_WARN_INT_CONVERSION = YES;
				CLANG_WARN_OBJC_ROOT_CLASS = YES_ERROR;
				CLANG_WARN_UNREACHABLE_CODE = YES;
				CLANG_WARN__DUPLICATE_METHOD_MATCH = YES;
				"CODE_SIGN_IDENTITY[sdk=iphoneos*]" = "iPhone Developer";
				COPY_PHASE_STRIP = NO;
				DEBUG_INFORMATION_FORMAT = "dwarf-with-dsym";
				ENABLE_NS_ASSERTIONS = NO;
				ENABLE_STRICT_OBJC_MSGSEND = YES;
				GCC_C_LANGUAGE_STANDARD = gnu99;
				GCC_NO_COMMON_BLOCKS = YES;
				GCC_WARN_64_TO_32_BIT_CONVERSION = YES;
				GCC_WARN_ABOUT_RETURN_TYPE = YES_ERROR;
				GCC_WARN_UNDECLARED_SELECTOR = YES;
				GCC_WARN_UNINITIALIZED_AUTOS = YES_AGGRESSIVE;
				GCC_WARN_UNUSED_FUNCTION = YES;
				GCC_WARN_UNUSED_VARIABLE = YES;
				IPHONEOS_DEPLOYMENT_TARGET = 9.3;
				MTL_ENABLE_DEBUG_INFO = NO;
				SDKROOT = iphoneos;
				VALIDATE_PRODUCT = YES;
			};
			name = Release;
		};
		518928191CFBD51800EBC5D8 /* Debug */ = {
			isa = XCBuildConfiguration;
			buildSettings = {
				ASSETCATALOG_COMPILER_APPICON_NAME = AppIcon;
				INFOPLIST_FILE = UIButton/Info.plist;
				LD_RUNPATH_SEARCH_PATHS = "$(inherited) @executable_path/Frameworks";
				PRODUCT_BUNDLE_IDENTIFIER = com.wjn.UIButton;
				PRODUCT_NAME = "$(TARGET_NAME)";
			};
			name = Debug;
		};
		5189281A1CFBD51800EBC5D8 /* Release */ = {
			isa = XCBuildConfiguration;
			buildSettings = {
				ASSETCATALOG_COMPILER_APPICON_NAME = AppIcon;
				INFOPLIST_FILE = UIButton/Info.plist;
				LD_RUNPATH_SEARCH_PATHS = "$(inherited) @executable_path/Frameworks";
				PRODUCT_BUNDLE_IDENTIFIER = com.wjn.UIButton;
				PRODUCT_NAME = "$(TARGET_NAME)";
			};
			name = Release;
		};
		5189281C1CFBD51800EBC5D8 /* Debug */ = {
			isa = XCBuildConfiguration;
			buildSettings = {
				BUNDLE_LOADER = "$(TEST_HOST)";
				INFOPLIST_FILE = UIButtonTests/Info.plist;
				LD_RUNPATH_SEARCH_PATHS = "$(inherited) @executable_path/Frameworks @loader_path/Frameworks";
				PRODUCT_BUNDLE_IDENTIFIER = com.wjn.UIButtonTests;
				PRODUCT_NAME = "$(TARGET_NAME)";
				TEST_HOST = "$(BUILT_PRODUCTS_DIR)/UIButton.app/UIButton";
			};
			name = Debug;
		};
		5189281D1CFBD51800EBC5D8 /* Release */ = {
			isa = XCBuildConfiguration;
			buildSettings = {
				BUNDLE_LOADER = "$(TEST_HOST)";
				INFOPLIST_FILE = UIButtonTests/Info.plist;
				LD_RUNPATH_SEARCH_PATHS = "$(inherited) @executable_path/Frameworks @loader_path/Frameworks";
				PRODUCT_BUNDLE_IDENTIFIER = com.wjn.UIButtonTests;
				PRODUCT_NAME = "$(TARGET_NAME)";
				TEST_HOST = "$(BUILT_PRODUCTS_DIR)/UIButton.app/UIButton";
			};
			name = Release;
		};
		5189281F1CFBD51800EBC5D8 /* Debug */ = {
			isa = XCBuildConfiguration;
			buildSettings = {
				INFOPLIST_FILE = UIButtonUITests/Info.plist;
				LD_RUNPATH_SEARCH_PATHS = "$(inherited) @executable_path/Frameworks @loader_path/Frameworks";
				PRODUCT_BUNDLE_IDENTIFIER = com.wjn.UIButtonUITests;
				PRODUCT_NAME = "$(TARGET_NAME)";
				TEST_TARGET_NAME = UIButton;
			};
			name = Debug;
		};
		518928201CFBD51800EBC5D8 /* Release */ = {
			isa = XCBuildConfiguration;
			buildSettings = {
				INFOPLIST_FILE = UIButtonUITests/Info.plist;
				LD_RUNPATH_SEARCH_PATHS = "$(inherited) @executable_path/Frameworks @loader_path/Frameworks";
				PRODUCT_BUNDLE_IDENTIFIER = com.wjn.UIButtonUITests;
				PRODUCT_NAME = "$(TARGET_NAME)";
				TEST_TARGET_NAME = UIButton;
			};
			name = Release;
		};
/* End XCBuildConfiguration section */

/* Begin XCConfigurationList section */
		518927EB1CFBD51700EBC5D8 /* Build configuration list for PBXProject "UIButton" */ = {
			isa = XCConfigurationList;
			buildConfigurations = (
				518928161CFBD51800EBC5D8 /* Debug */,
				518928171CFBD51800EBC5D8 /* Release */,
			);
			defaultConfigurationIsVisible = 0;
			defaultConfigurationName = Release;
		};
		518928181CFBD51800EBC5D8 /* Build configuration list for PBXNativeTarget "UIButton" */ = {
			isa = XCConfigurationList;
			buildConfigurations = (
				518928191CFBD51800EBC5D8 /* Debug */,
				5189281A1CFBD51800EBC5D8 /* Release */,
			);
			defaultConfigurationIsVisible = 0;
			defaultConfigurationName = Release;
		};
		5189281B1CFBD51800EBC5D8 /* Build configuration list for PBXNativeTarget "UIButtonTests" */ = {
			isa = XCConfigurationList;
			buildConfigurations = (
				5189281C1CFBD51800EBC5D8 /* Debug */,
				5189281D1CFBD51800EBC5D8 /* Release */,
			);
			defaultConfigurationIsVisible = 0;
			defaultConfigurationName = Release;
		};
		5189281E1CFBD51800EBC5D8 /* Build configuration list for PBXNativeTarget "UIButtonUITests" */ = {
			isa = XCConfigurationList;
			buildConfigurations = (
				5189281F1CFBD51800EBC5D8 /* Debug */,
				518928201CFBD51800EBC5D8 /* Release */,
			);
			defaultConfigurationIsVisible = 0;
			defaultConfigurationName = Release;
		};
/* End XCConfigurationList section */
	};
	rootObject = 518927E81CFBD51700EBC5D8 /* Project object */;
}
